
Microsoft Visual Studio Solution File, Format Version 12.00
# Visual Studio Version 17
VisualStudioVersion = 17.5.33627.172
MinimumVisualStudioVersion = 10.0.40219.1
Project("{9A19103F-16F7-4668-BE54-9A1E7A4F7556}") = "JwtApp.API", "JwtApp.API\JwtApp.API.csproj", "{5EC9422E-746B-4C53-9351-FF6018D071AE}"
EndProject
Project("{FAE04EC0-301F-11D3-BF4B-00C04F79EFBC}") = "JwtApp.Front", "JwtApp.Front\JwtApp.Front.csproj", "{A470DFCC-7A1E-4DCF-8DF3-D8F56D07CEA5}"
EndProject
Global
	GlobalSection(SolutionConfigurationPlatforms) = preSolution
		Debug|Any CPU = Debug|Any CPU
		Release|Any CPU = Release|Any CPU
	EndGlobalSection
	GlobalSection(ProjectConfigurationPlatforms) = postSolution
		{5EC9422E-746B-4C53-9351-FF6018D071AE}.Debug|Any CPU.ActiveCfg = Debug|Any CPU
		{5EC9422E-746B-4C53-9351-FF6018D071AE}.Debug|Any CPU.Build.0 = Debug|Any CPU
		{5EC9422E-746B-4C53-9351-FF6018D071AE}.Release|Any CPU.ActiveCfg = Release|Any CPU
		{5EC9422E-746B-4C53-9351-FF6018D071AE}.Release|Any CPU.Build.0 = Release|Any CPU
		{A470DFCC-7A1E-4DCF-8DF3-D8F56D07CEA5}.Debug|Any CPU.ActiveCfg = Debug|Any CPU
		{A470DFCC-7A1E-4DCF-8DF3-D8F56D07CEA5}.Debug|Any CPU.Build.0 = Debug|Any CPU
		{A470DFCC-7A1E-4DCF-8DF3-D8F56D07CEA5}.Release|Any CPU.ActiveCfg = Release|Any CPU
		{A470DFCC-7A1E-4DCF-8DF3-D8F56D07CEA5}.Release|Any CPU.Build.0 = Release|Any CPU
	EndGlobalSection
	GlobalSection(SolutionProperties) = preSolution
		HideSolutionNode = FALSE
	EndGlobalSection
	GlobalSection(ExtensibilityGlobals) = postSolution
		SolutionGuid = {B57123C0-C19E-4714-BEEA-39715F80386C}
	EndGlobalSection
EndGlobal
